
Microsoft Visual Studio Solution File, Format Version 12.00
# Visual Studio Version 17
VisualStudioVersion = 17.1.32319.34
MinimumVisualStudioVersion = 10.0.40219.1
Project("{FAE04EC0-301F-11D3-BF4B-00C04F79EFBC}") = "Controls2", "Controls2\Controls2.csproj", "{39FEAC03-597D-4EBF-88DD-FCBB89EE7D32}"
EndProject
Global
	GlobalSection(SolutionConfigurationPlatforms) = preSolution
		Debug|Any CPU = Debug|Any CPU
		Release|Any CPU = Release|Any CPU
	EndGlobalSection
	GlobalSection(ProjectConfigurationPlatforms) = postSolution
		{39FEAC03-597D-4EBF-88DD-FCBB89EE7D32}.Debug|Any CPU.ActiveCfg = Debug|Any CPU
		{39FEAC03-597D-4EBF-88DD-FCBB89EE7D32}.Debug|Any CPU.Build.0 = Debug|Any CPU
		{39FEAC03-597D-4EBF-88DD-FCBB89EE7D32}.Release|Any CPU.ActiveCfg = Release|Any CPU
		{39FEAC03-597D-4EBF-88DD-FCBB89EE7D32}.Release|Any CPU.Build.0 = Release|Any CPU
	EndGlobalSection
	GlobalSection(SolutionProperties) = preSolution
		HideSolutionNode = FALSE
	EndGlobalSection
	GlobalSection(ExtensibilityGlobals) = postSolution
		SolutionGuid = {151E8309-E1D2-4AAE-BA96-56D1FCADD1C5}
	EndGlobalSection
EndGlobal
